
Microsoft Visual Studio Solution File, Format Version 12.00
# Visual Studio Version 16
VisualStudioVersion = 16.0.29209.152
MinimumVisualStudioVersion = 10.0.40219.1
Project("{FAE04EC0-301F-11D3-BF4B-00C04F79EFBC}") = "Criollos.Common", "Criollos.Common\Criollos.Common.csproj", "{9E1EA369-56FF-450B-B4F4-42B8B9C32CCB}"
EndProject
Project("{FAE04EC0-301F-11D3-BF4B-00C04F79EFBC}") = "Criollos.Web", "Criollos.Web\Criollos.Web.csproj", "{EB2D8B49-E168-4AFC-A5D2-1B6C649EC111}"
EndProject
Project("{FAE04EC0-301F-11D3-BF4B-00C04F79EFBC}") = "Criollos.Prism", "Criollos.Prism\Criollos.Prism\Criollos.Prism.csproj", "{BE170426-F108-48A3-88A0-6D1ACC414055}"
EndProject
Project("{FAE04EC0-301F-11D3-BF4B-00C04F79EFBC}") = "Criollos.Prism.Android", "Criollos.Prism\Criollos.Prism.Android\Criollos.Prism.Android.csproj", "{CD4604DF-3842-44A8-91C1-05D5E2F552EB}"
EndProject
Project("{FAE04EC0-301F-11D3-BF4B-00C04F79EFBC}") = "Criollos.Prism.iOS", "Criollos.Prism\Criollos.Prism.iOS\Criollos.Prism.iOS.csproj", "{8A481BF8-ACE1-45F3-953F-7A2AB0F625F3}"
EndProject
Project("{FAE04EC0-301F-11D3-BF4B-00C04F79EFBC}") = "Criollos.Cross.Android", "Criollos.Cross.Android\Criollos.Cross.Android.csproj", "{2EB938CD-2297-4C3B-8A60-D9E7C6BF5700}"
EndProject
Project("{FAE04EC0-301F-11D3-BF4B-00C04F79EFBC}") = "Criollos.Cross.iOS", "Criollos.Cross.iOS\Criollos.Cross.iOS.csproj", "{360AD5ED-5219-498C-B75A-9CD4E2D22429}"
EndProject
Global
	GlobalSection(SolutionConfigurationPlatforms) = preSolution
		Ad-Hoc|Any CPU = Ad-Hoc|Any CPU
		Ad-Hoc|iPhone = Ad-Hoc|iPhone
		Ad-Hoc|iPhoneSimulator = Ad-Hoc|iPhoneSimulator
		AppStore|Any CPU = AppStore|Any CPU
		AppStore|iPhone = AppStore|iPhone
		AppStore|iPhoneSimulator = AppStore|iPhoneSimulator
		Debug|Any CPU = Debug|Any CPU
		Debug|iPhone = Debug|iPhone
		Debug|iPhoneSimulator = Debug|iPhoneSimulator
		Release|Any CPU = Release|Any CPU
		Release|iPhone = Release|iPhone
		Release|iPhoneSimulator = Release|iPhoneSimulator
	EndGlobalSection
	GlobalSection(ProjectConfigurationPlatforms) = postSolution
		{9E1EA369-56FF-450B-B4F4-42B8B9C32CCB}.Ad-Hoc|Any CPU.ActiveCfg = Debug|Any CPU
		{9E1EA369-56FF-450B-B4F4-42B8B9C32CCB}.Ad-Hoc|Any CPU.Build.0 = Debug|Any CPU
		{9E1EA369-56FF-450B-B4F4-42B8B9C32CCB}.Ad-Hoc|iPhone.ActiveCfg = Debug|Any CPU
		{9E1EA369-56FF-450B-B4F4-42B8B9C32CCB}.Ad-Hoc|iPhone.Build.0 = Debug|Any CPU
		{9E1EA369-56FF-450B-B4F4-42B8B9C32CCB}.Ad-Hoc|iPhoneSimulator.ActiveCfg = Debug|Any CPU
		{9E1EA369-56FF-450B-B4F4-42B8B9C32CCB}.Ad-Hoc|iPhoneSimulator.Build.0 = Debug|Any CPU
		{9E1EA369-56FF-450B-B4F4-42B8B9C32CCB}.AppStore|Any CPU.ActiveCfg = Debug|Any CPU
		{9E1EA369-56FF-450B-B4F4-42B8B9C32CCB}.AppStore|Any CPU.Build.0 = Debug|Any CPU
		{9E1EA369-56FF-450B-B4F4-42B8B9C32CCB}.AppStore|iPhone.ActiveCfg = Debug|Any CPU
		{9E1EA369-56FF-450B-B4F4-42B8B9C32CCB}.AppStore|iPhone.Build.0 = Debug|Any CPU
		{9E1EA369-56FF-450B-B4F4-42B8B9C32CCB}.AppStore|iPhoneSimulator.ActiveCfg = Debug|Any CPU
		{9E1EA369-56FF-450B-B4F4-42B8B9C32CCB}.AppStore|iPhoneSimulator.Build.0 = Debug|Any CPU
		{9E1EA369-56FF-450B-B4F4-42B8B9C32CCB}.Debug|Any CPU.ActiveCfg = Debug|Any CPU
		{9E1EA369-56FF-450B-B4F4-42B8B9C32CCB}.Debug|Any CPU.Build.0 = Debug|Any CPU
		{9E1EA369-56FF-450B-B4F4-42B8B9C32CCB}.Debug|iPhone.ActiveCfg = Debug|Any CPU
		{9E1EA369-56FF-450B-B4F4-42B8B9C32CCB}.Debug|iPhone.Build.0 = Debug|Any CPU
		{9E1EA369-56FF-450B-B4F4-42B8B9C32CCB}.Debug|iPhoneSimulator.ActiveCfg = Debug|Any CPU
		{9E1EA369-56FF-450B-B4F4-42B8B9C32CCB}.Debug|iPhoneSimulator.Build.0 = Debug|Any CPU
		{9E1EA369-56FF-450B-B4F4-42B8B9C32CCB}.Release|Any CPU.ActiveCfg = Release|Any CPU
		{9E1EA369-56FF-450B-B4F4-42B8B9C32CCB}.Release|Any CPU.Build.0 = Release|Any CPU
		{9E1EA369-56FF-450B-B4F4-42B8B9C32CCB}.Release|iPhone.ActiveCfg = Release|Any CPU
		{9E1EA369-56FF-450B-B4F4-42B8B9C32CCB}.Release|iPhone.Build.0 = Release|Any CPU
		{9E1EA369-56FF-450B-B4F4-42B8B9C32CCB}.Release|iPhoneSimulator.ActiveCfg = Release|Any CPU
		{9E1EA369-56FF-450B-B4F4-42B8B9C32CCB}.Release|iPhoneSimulator.Build.0 = Release|Any CPU
		{EB2D8B49-E168-4AFC-A5D2-1B6C649EC111}.Ad-Hoc|Any CPU.ActiveCfg = Debug|Any CPU
		{EB2D8B49-E168-4AFC-A5D2-1B6C649EC111}.Ad-Hoc|Any CPU.Build.0 = Debug|Any CPU
		{EB2D8B49-E168-4AFC-A5D2-1B6C649EC111}.Ad-Hoc|iPhone.ActiveCfg = Debug|Any CPU
		{EB2D8B49-E168-4AFC-A5D2-1B6C649EC111}.Ad-Hoc|iPhone.Build.0 = Debug|Any CPU
		{EB2D8B49-E168-4AFC-A5D2-1B6C649EC111}.Ad-Hoc|iPhoneSimulator.ActiveCfg = Debug|Any CPU
		{EB2D8B49-E168-4AFC-A5D2-1B6C649EC111}.Ad-Hoc|iPhoneSimulator.Build.0 = Debug|Any CPU
		{EB2D8B49-E168-4AFC-A5D2-1B6C649EC111}.AppStore|Any CPU.ActiveCfg = Debug|Any CPU
		{EB2D8B49-E168-4AFC-A5D2-1B6C649EC111}.AppStore|Any CPU.Build.0 = Debug|Any CPU
		{EB2D8B49-E168-4AFC-A5D2-1B6C649EC111}.AppStore|iPhone.ActiveCfg = Debug|Any CPU
		{EB2D8B49-E168-4AFC-A5D2-1B6C649EC111}.AppStore|iPhone.Build.0 = Debug|Any CPU
		{EB2D8B49-E168-4AFC-A5D2-1B6C649EC111}.AppStore|iPhoneSimulator.ActiveCfg = Debug|Any CPU
		{EB2D8B49-E168-4AFC-A5D2-1B6C649EC111}.AppStore|iPhoneSimulator.Build.0 = Debug|Any CPU
		{EB2D8B49-E168-4AFC-A5D2-1B6C649EC111}.Debug|Any CPU.ActiveCfg = Debug|Any CPU
		{EB2D8B49-E168-4AFC-A5D2-1B6C649EC111}.Debug|Any CPU.Build.0 = Debug|Any CPU
		{EB2D8B49-E168-4AFC-A5D2-1B6C649EC111}.Debug|iPhone.ActiveCfg = Debug|Any CPU
		{EB2D8B49-E168-4AFC-A5D2-1B6C649EC111}.Debug|iPhone.Build.0 = Debug|Any CPU
		{EB2D8B49-E168-4AFC-A5D2-1B6C649EC111}.Debug|iPhoneSimulator.ActiveCfg = Debug|Any CPU
		{EB2D8B49-E168-4AFC-A5D2-1B6C649EC111}.Debug|iPhoneSimulator.Build.0 = Debug|Any CPU
		{EB2D8B49-E168-4AFC-A5D2-1B6C649EC111}.Release|Any CPU.ActiveCfg = Release|Any CPU
		{EB2D8B49-E168-4AFC-A5D2-1B6C649EC111}.Release|Any CPU.Build.0 = Release|Any CPU
		{EB2D8B49-E168-4AFC-A5D2-1B6C649EC111}.Release|iPhone.ActiveCfg = Release|Any CPU
		{EB2D8B49-E168-4AFC-A5D2-1B6C649EC111}.Release|iPhone.Build.0 = Release|Any CPU
		{EB2D8B49-E168-4AFC-A5D2-1B6C649EC111}.Release|iPhoneSimulator.ActiveCfg = Release|Any CPU
		{EB2D8B49-E168-4AFC-A5D2-1B6C649EC111}.Release|iPhoneSimulator.Build.0 = Release|Any CPU
		{BE170426-F108-48A3-88A0-6D1ACC414055}.Ad-Hoc|Any CPU.ActiveCfg = Debug|Any CPU
		{BE170426-F108-48A3-88A0-6D1ACC414055}.Ad-Hoc|Any CPU.Build.0 = Debug|Any CPU
		{BE170426-F108-48A3-88A0-6D1ACC414055}.Ad-Hoc|iPhone.ActiveCfg = Debug|Any CPU
		{BE170426-F108-48A3-88A0-6D1ACC414055}.Ad-Hoc|iPhone.Build.0 = Debug|Any CPU
		{BE170426-F108-48A3-88A0-6D1ACC414055}.Ad-Hoc|iPhoneSimulator.ActiveCfg = Debug|Any CPU
		{BE170426-F108-48A3-88A0-6D1ACC414055}.Ad-Hoc|iPhoneSimulator.Build.0 = Debug|Any CPU
		{BE170426-F108-48A3-88A0-6D1ACC414055}.AppStore|Any CPU.ActiveCfg = Debug|Any CPU
		{BE170426-F108-48A3-88A0-6D1ACC414055}.AppStore|Any CPU.Build.0 = Debug|Any CPU
		{BE170426-F108-48A3-88A0-6D1ACC414055}.AppStore|iPhone.ActiveCfg = Debug|Any CPU
		{BE170426-F108-48A3-88A0-6D1ACC414055}.AppStore|iPhone.Build.0 = Debug|Any CPU
		{BE170426-F108-48A3-88A0-6D1ACC414055}.AppStore|iPhoneSimulator.ActiveCfg = Debug|Any CPU
		{BE170426-F108-48A3-88A0-6D1ACC414055}.AppStore|iPhoneSimulator.Build.0 = Debug|Any CPU
		{BE170426-F108-48A3-88A0-6D1ACC414055}.Debug|Any CPU.ActiveCfg = Debug|Any CPU
		{BE170426-F108-48A3-88A0-6D1ACC414055}.Debug|Any CPU.Build.0 = Debug|Any CPU
		{BE170426-F108-48A3-88A0-6D1ACC414055}.Debug|iPhone.ActiveCfg = Debug|Any CPU
		{BE170426-F108-48A3-88A0-6D1ACC414055}.Debug|iPhone.Build.0 = Debug|Any CPU
		{BE170426-F108-48A3-88A0-6D1ACC414055}.Debug|iPhoneSimulator.ActiveCfg = Debug|Any CPU
		{BE170426-F108-48A3-88A0-6D1ACC414055}.Debug|iPhoneSimulator.Build.0 = Debug|Any CPU
		{BE170426-F108-48A3-88A0-6D1ACC414055}.Release|Any CPU.ActiveCfg = Release|Any CPU
		{BE170426-F108-48A3-88A0-6D1ACC414055}.Release|Any CPU.Build.0 = Release|Any CPU
		{BE170426-F108-48A3-88A0-6D1ACC414055}.Release|iPhone.ActiveCfg = Release|Any CPU
		{BE170426-F108-48A3-88A0-6D1ACC414055}.Release|iPhone.Build.0 = Release|Any CPU
		{BE170426-F108-48A3-88A0-6D1ACC414055}.Release|iPhoneSimulator.ActiveCfg = Release|Any CPU
		{BE170426-F108-48A3-88A0-6D1ACC414055}.Release|iPhoneSimulator.Build.0 = Release|Any CPU
		{CD4604DF-3842-44A8-91C1-05D5E2F552EB}.Ad-Hoc|Any CPU.ActiveCfg = Release|Any CPU
		{CD4604DF-3842-44A8-91C1-05D5E2F552EB}.Ad-Hoc|Any CPU.Build.0 = Release|Any CPU
		{CD4604DF-3842-44A8-91C1-05D5E2F552EB}.Ad-Hoc|Any CPU.Deploy.0 = Release|Any CPU
		{CD4604DF-3842-44A8-91C1-05D5E2F552EB}.Ad-Hoc|iPhone.ActiveCfg = Release|Any CPU
		{CD4604DF-3842-44A8-91C1-05D5E2F552EB}.Ad-Hoc|iPhone.Build.0 = Release|Any CPU
		{CD4604DF-3842-44A8-91C1-05D5E2F552EB}.Ad-Hoc|iPhone.Deploy.0 = Release|Any CPU
		{CD4604DF-3842-44A8-91C1-05D5E2F552EB}.Ad-Hoc|iPhoneSimulator.ActiveCfg = Release|Any CPU
		{CD4604DF-3842-44A8-91C1-05D5E2F552EB}.Ad-Hoc|iPhoneSimulator.Build.0 = Release|Any CPU
		{CD4604DF-3842-44A8-91C1-05D5E2F552EB}.Ad-Hoc|iPhoneSimulator.Deploy.0 = Release|Any CPU
		{CD4604DF-3842-44A8-91C1-05D5E2F552EB}.AppStore|Any CPU.ActiveCfg = Release|Any CPU
		{CD4604DF-3842-44A8-91C1-05D5E2F552EB}.AppStore|Any CPU.Build.0 = Release|Any CPU
		{CD4604DF-3842-44A8-91C1-05D5E2F552EB}.AppStore|Any CPU.Deploy.0 = Release|Any CPU
		{CD4604DF-3842-44A8-91C1-05D5E2F552EB}.AppStore|iPhone.ActiveCfg = Release|Any CPU
		{CD4604DF-3842-44A8-91C1-05D5E2F552EB}.AppStore|iPhone.Build.0 = Release|Any CPU
		{CD4604DF-3842-44A8-91C1-05D5E2F552EB}.AppStore|iPhone.Deploy.0 = Release|Any CPU
		{CD4604DF-3842-44A8-91C1-05D5E2F552EB}.AppStore|iPhoneSimulator.ActiveCfg = Release|Any CPU
		{CD4604DF-3842-44A8-91C1-05D5E2F552EB}.AppStore|iPhoneSimulator.Build.0 = Release|Any CPU
		{CD4604DF-3842-44A8-91C1-05D5E2F552EB}.AppStore|iPhoneSimulator.Deploy.0 = Release|Any CPU
		{CD4604DF-3842-44A8-91C1-05D5E2F552EB}.Debug|Any CPU.ActiveCfg = Debug|Any CPU
		{CD4604DF-3842-44A8-91C1-05D5E2F552EB}.Debug|Any CPU.Build.0 = Debug|Any CPU
		{CD4604DF-3842-44A8-91C1-05D5E2F552EB}.Debug|Any CPU.Deploy.0 = Debug|Any CPU
		{CD4604DF-3842-44A8-91C1-05D5E2F552EB}.Debug|iPhone.ActiveCfg = Debug|Any CPU
		{CD4604DF-3842-44A8-91C1-05D5E2F552EB}.Debug|iPhone.Build.0 = Debug|Any CPU
		{CD4604DF-3842-44A8-91C1-05D5E2F552EB}.Debug|iPhone.Deploy.0 = Debug|Any CPU
		{CD4604DF-3842-44A8-91C1-05D5E2F552EB}.Debug|iPhoneSimulator.ActiveCfg = Debug|Any CPU
		{CD4604DF-3842-44A8-91C1-05D5E2F552EB}.Debug|iPhoneSimulator.Build.0 = Debug|Any CPU
		{CD4604DF-3842-44A8-91C1-05D5E2F552EB}.Debug|iPhoneSimulator.Deploy.0 = Debug|Any CPU
		{CD4604DF-3842-44A8-91C1-05D5E2F552EB}.Release|Any CPU.ActiveCfg = Release|Any CPU
		{CD4604DF-3842-44A8-91C1-05D5E2F552EB}.Release|Any CPU.Build.0 = Release|Any CPU
		{CD4604DF-3842-44A8-91C1-05D5E2F552EB}.Release|Any CPU.Deploy.0 = Release|Any CPU
		{CD4604DF-3842-44A8-91C1-05D5E2F552EB}.Release|iPhone.ActiveCfg = Release|Any CPU
		{CD4604DF-3842-44A8-91C1-05D5E2F552EB}.Release|iPhone.Build.0 = Release|Any CPU
		{CD4604DF-3842-44A8-91C1-05D5E2F552EB}.Release|iPhone.Deploy.0 = Release|Any CPU
		{CD4604DF-3842-44A8-91C1-05D5E2F552EB}.Release|iPhoneSimulator.ActiveCfg = Release|Any CPU
		{CD4604DF-3842-44A8-91C1-05D5E2F552EB}.Release|iPhoneSimulator.Build.0 = Release|Any CPU
		{CD4604DF-3842-44A8-91C1-05D5E2F552EB}.Release|iPhoneSimulator.Deploy.0 = Release|Any CPU
		{8A481BF8-ACE1-45F3-953F-7A2AB0F625F3}.Ad-Hoc|Any CPU.ActiveCfg = Ad-Hoc|iPhone
		{8A481BF8-ACE1-45F3-953F-7A2AB0F625F3}.Ad-Hoc|iPhone.ActiveCfg = Ad-Hoc|iPhone
		{8A481BF8-ACE1-45F3-953F-7A2AB0F625F3}.Ad-Hoc|iPhone.Build.0 = Ad-Hoc|iPhone
		{8A481BF8-ACE1-45F3-953F-7A2AB0F625F3}.Ad-Hoc|iPhoneSimulator.ActiveCfg = Ad-Hoc|iPhoneSimulator
		{8A481BF8-ACE1-45F3-953F-7A2AB0F625F3}.Ad-Hoc|iPhoneSimulator.Build.0 = Ad-Hoc|iPhoneSimulator
		{8A481BF8-ACE1-45F3-953F-7A2AB0F625F3}.AppStore|Any CPU.ActiveCfg = AppStore|iPhone
		{8A481BF8-ACE1-45F3-953F-7A2AB0F625F3}.AppStore|iPhone.ActiveCfg = AppStore|iPhone
		{8A481BF8-ACE1-45F3-953F-7A2AB0F625F3}.AppStore|iPhone.Build.0 = AppStore|iPhone
		{8A481BF8-ACE1-45F3-953F-7A2AB0F625F3}.AppStore|iPhoneSimulator.ActiveCfg = AppStore|iPhoneSimulator
		{8A481BF8-ACE1-45F3-953F-7A2AB0F625F3}.AppStore|iPhoneSimulator.Build.0 = AppStore|iPhoneSimulator
		{8A481BF8-ACE1-45F3-953F-7A2AB0F625F3}.Debug|Any CPU.ActiveCfg = Debug|iPhone
		{8A481BF8-ACE1-45F3-953F-7A2AB0F625F3}.Debug|iPhone.ActiveCfg = Debug|iPhone
		{8A481BF8-ACE1-45F3-953F-7A2AB0F625F3}.Debug|iPhone.Build.0 = Debug|iPhone
		{8A481BF8-ACE1-45F3-953F-7A2AB0F625F3}.Debug|iPhoneSimulator.ActiveCfg = Debug|iPhoneSimulator
		{8A481BF8-ACE1-45F3-953F-7A2AB0F625F3}.Debug|iPhoneSimulator.Build.0 = Debug|iPhoneSimulator
		{8A481BF8-ACE1-45F3-953F-7A2AB0F625F3}.Release|Any CPU.ActiveCfg = Release|iPhone
		{8A481BF8-ACE1-45F3-953F-7A2AB0F625F3}.Release|iPhone.ActiveCfg = Release|iPhone
		{8A481BF8-ACE1-45F3-953F-7A2AB0F625F3}.Release|iPhone.Build.0 = Release|iPhone
		{8A481BF8-ACE1-45F3-953F-7A2AB0F625F3}.Release|iPhoneSimulator.ActiveCfg = Release|iPhoneSimulator
		{8A481BF8-ACE1-45F3-953F-7A2AB0F625F3}.Release|iPhoneSimulator.Build.0 = Release|iPhoneSimulator
		{2EB938CD-2297-4C3B-8A60-D9E7C6BF5700}.Ad-Hoc|Any CPU.ActiveCfg = Release|Any CPU
		{2EB938CD-2297-4C3B-8A60-D9E7C6BF5700}.Ad-Hoc|Any CPU.Build.0 = Release|Any CPU
		{2EB938CD-2297-4C3B-8A60-D9E7C6BF5700}.Ad-Hoc|Any CPU.Deploy.0 = Release|Any CPU
		{2EB938CD-2297-4C3B-8A60-D9E7C6BF5700}.Ad-Hoc|iPhone.ActiveCfg = Release|Any CPU
		{2EB938CD-2297-4C3B-8A60-D9E7C6BF5700}.Ad-Hoc|iPhone.Build.0 = Release|Any CPU
		{2EB938CD-2297-4C3B-8A60-D9E7C6BF5700}.Ad-Hoc|iPhone.Deploy.0 = Release|Any CPU
		{2EB938CD-2297-4C3B-8A60-D9E7C6BF5700}.Ad-Hoc|iPhoneSimulator.ActiveCfg = Release|Any CPU
		{2EB938CD-2297-4C3B-8A60-D9E7C6BF5700}.Ad-Hoc|iPhoneSimulator.Build.0 = Release|Any CPU
		{2EB938CD-2297-4C3B-8A60-D9E7C6BF5700}.Ad-Hoc|iPhoneSimulator.Deploy.0 = Release|Any CPU
		{2EB938CD-2297-4C3B-8A60-D9E7C6BF5700}.AppStore|Any CPU.ActiveCfg = Release|Any CPU
		{2EB938CD-2297-4C3B-8A60-D9E7C6BF5700}.AppStore|Any CPU.Build.0 = Release|Any CPU
		{2EB938CD-2297-4C3B-8A60-D9E7C6BF5700}.AppStore|Any CPU.Deploy.0 = Release|Any CPU
		{2EB938CD-2297-4C3B-8A60-D9E7C6BF5700}.AppStore|iPhone.ActiveCfg = Release|Any CPU
		{2EB938CD-2297-4C3B-8A60-D9E7C6BF5700}.AppStore|iPhone.Build.0 = Release|Any CPU
		{2EB938CD-2297-4C3B-8A60-D9E7C6BF5700}.AppStore|iPhone.Deploy.0 = Release|Any CPU
		{2EB938CD-2297-4C3B-8A60-D9E7C6BF5700}.AppStore|iPhoneSimulator.ActiveCfg = Release|Any CPU
		{2EB938CD-2297-4C3B-8A60-D9E7C6BF5700}.AppStore|iPhoneSimulator.Build.0 = Release|Any CPU
		{2EB938CD-2297-4C3B-8A60-D9E7C6BF5700}.AppStore|iPhoneSimulator.Deploy.0 = Release|Any CPU
		{2EB938CD-2297-4C3B-8A60-D9E7C6BF5700}.Debug|Any CPU.ActiveCfg = Debug|Any CPU
		{2EB938CD-2297-4C3B-8A60-D9E7C6BF5700}.Debug|Any CPU.Build.0 = Debug|Any CPU
		{2EB938CD-2297-4C3B-8A60-D9E7C6BF5700}.Debug|Any CPU.Deploy.0 = Debug|Any CPU
		{2EB938CD-2297-4C3B-8A60-D9E7C6BF5700}.Debug|iPhone.ActiveCfg = Debug|Any CPU
		{2EB938CD-2297-4C3B-8A60-D9E7C6BF5700}.Debug|iPhone.Build.0 = Debug|Any CPU
		{2EB938CD-2297-4C3B-8A60-D9E7C6BF5700}.Debug|iPhone.Deploy.0 = Debug|Any CPU
		{2EB938CD-2297-4C3B-8A60-D9E7C6BF5700}.Debug|iPhoneSimulator.ActiveCfg = Debug|Any CPU
		{2EB938CD-2297-4C3B-8A60-D9E7C6BF5700}.Debug|iPhoneSimulator.Build.0 = Debug|Any CPU
		{2EB938CD-2297-4C3B-8A60-D9E7C6BF5700}.Debug|iPhoneSimulator.Deploy.0 = Debug|Any CPU
		{2EB938CD-2297-4C3B-8A60-D9E7C6BF5700}.Release|Any CPU.ActiveCfg = Release|Any CPU
		{2EB938CD-2297-4C3B-8A60-D9E7C6BF5700}.Release|Any CPU.Build.0 = Release|Any CPU
		{2EB938CD-2297-4C3B-8A60-D9E7C6BF5700}.Release|Any CPU.Deploy.0 = Release|Any CPU
		{2EB938CD-2297-4C3B-8A60-D9E7C6BF5700}.Release|iPhone.ActiveCfg = Release|Any CPU
		{2EB938CD-2297-4C3B-8A60-D9E7C6BF5700}.Release|iPhone.Build.0 = Release|Any CPU
		{2EB938CD-2297-4C3B-8A60-D9E7C6BF5700}.Release|iPhone.Deploy.0 = Release|Any CPU
		{2EB938CD-2297-4C3B-8A60-D9E7C6BF5700}.Release|iPhoneSimulator.ActiveCfg = Release|Any CPU
		{2EB938CD-2297-4C3B-8A60-D9E7C6BF5700}.Release|iPhoneSimulator.Build.0 = Release|Any CPU
		{2EB938CD-2297-4C3B-8A60-D9E7C6BF5700}.Release|iPhoneSimulator.Deploy.0 = Release|Any CPU
		{360AD5ED-5219-498C-B75A-9CD4E2D22429}.Ad-Hoc|Any CPU.ActiveCfg = Release|iPhone
		{360AD5ED-5219-498C-B75A-9CD4E2D22429}.Ad-Hoc|Any CPU.Build.0 = Release|iPhone
		{360AD5ED-5219-498C-B75A-9CD4E2D22429}.Ad-Hoc|iPhone.ActiveCfg = Release|iPhone
		{360AD5ED-5219-498C-B75A-9CD4E2D22429}.Ad-Hoc|iPhone.Build.0 = Release|iPhone
		{360AD5ED-5219-498C-B75A-9CD4E2D22429}.Ad-Hoc|iPhoneSimulator.ActiveCfg = Release|iPhoneSimulator
		{360AD5ED-5219-498C-B75A-9CD4E2D22429}.Ad-Hoc|iPhoneSimulator.Build.0 = Release|iPhoneSimulator
		{360AD5ED-5219-498C-B75A-9CD4E2D22429}.AppStore|Any CPU.ActiveCfg = Release|iPhone
		{360AD5ED-5219-498C-B75A-9CD4E2D22429}.AppStore|Any CPU.Build.0 = Release|iPhone
		{360AD5ED-5219-498C-B75A-9CD4E2D22429}.AppStore|iPhone.ActiveCfg = Release|iPhone
		{360AD5ED-5219-498C-B75A-9CD4E2D22429}.AppStore|iPhone.Build.0 = Release|iPhone
		{360AD5ED-5219-498C-B75A-9CD4E2D22429}.AppStore|iPhoneSimulator.ActiveCfg = Release|iPhoneSimulator
		{360AD5ED-5219-498C-B75A-9CD4E2D22429}.AppStore|iPhoneSimulator.Build.0 = Release|iPhoneSimulator
		{360AD5ED-5219-498C-B75A-9CD4E2D22429}.Debug|Any CPU.ActiveCfg = Debug|iPhone
		{360AD5ED-5219-498C-B75A-9CD4E2D22429}.Debug|iPhone.ActiveCfg = Debug|iPhone
		{360AD5ED-5219-498C-B75A-9CD4E2D22429}.Debug|iPhone.Build.0 = Debug|iPhone
		{360AD5ED-5219-498C-B75A-9CD4E2D22429}.Debug|iPhoneSimulator.ActiveCfg = Debug|iPhoneSimulator
		{360AD5ED-5219-498C-B75A-9CD4E2D22429}.Debug|iPhoneSimulator.Build.0 = Debug|iPhoneSimulator
		{360AD5ED-5219-498C-B75A-9CD4E2D22429}.Release|Any CPU.ActiveCfg = Release|iPhone
		{360AD5ED-5219-498C-B75A-9CD4E2D22429}.Release|iPhone.ActiveCfg = Release|iPhone
		{360AD5ED-5219-498C-B75A-9CD4E2D22429}.Release|iPhone.Build.0 = Release|iPhone
		{360AD5ED-5219-498C-B75A-9CD4E2D22429}.Release|iPhoneSimulator.ActiveCfg = Release|iPhoneSimulator
		{360AD5ED-5219-498C-B75A-9CD4E2D22429}.Release|iPhoneSimulator.Build.0 = Release|iPhoneSimulator
	EndGlobalSection
	GlobalSection(SolutionProperties) = preSolution
		HideSolutionNode = FALSE
	EndGlobalSection
	GlobalSection(ExtensibilityGlobals) = postSolution
		SolutionGuid = {534668A3-2A0D-45D3-A209-B084DA67BCE3}
	EndGlobalSection
EndGlobal
